// !$*UTF8*$!
{
	archiveVersion = 1;
	classes = {
	};
	objectVersion = 45;
	objects = {

/* Begin PBXBuildFile section */
		1DDD582C0DA1D0D100B32029 /* MyDocument.xib in Resources */ = {isa = PBXBuildFile; fileRef = 1DDD58280DA1D0D100B32029 /* MyDocument.xib */; };
		1DDD582D0DA1D0D100B32029 /* MainMenu.xib in Resources */ = {isa = PBXBuildFile; fileRef = 1DDD582A0DA1D0D100B32029 /* MainMenu.xib */; };
		2A2EED7A1097B3EC00B87E90 /* SenTestingKit.framework in Frameworks */ = {isa = PBXBuildFile; fileRef = 2A2EED791097B3EC00B87E90 /* SenTestingKit.framework */; };
		2A2EED861097B41000B87E90 /* TestMyDocument.m in Sources */ = {isa = PBXBuildFile; fileRef = 2A52EB681096896D0035A24D /* TestMyDocument.m */; };
		2A2EED871097B41000B87E90 /* TestPerson.m in Sources */ = {isa = PBXBuildFile; fileRef = 2AFC3E5E108C400C0005EFAB /* TestPerson.m */; };
		2A2EED891097B41000B87E90 /* TestMeeting.m in Sources */ = {isa = PBXBuildFile; fileRef = 2AC075FB108D3D7200E736AA /* TestMeeting.m */; };
		2A374B07109FC7B500E4C47B /* TestAppController.m in Sources */ = {isa = PBXBuildFile; fileRef = 2A374B06109FC7B500E4C47B /* TestAppController.m */; };
		2AAF8AD2109EA5EA003AF52C /* AppController.m in Sources */ = {isa = PBXBuildFile; fileRef = 2AAF8AD1109EA5EA003AF52C /* AppController.m */; };
		2AAF8AD8109EA712003AF52C /* PreferenceController.m in Sources */ = {isa = PBXBuildFile; fileRef = 2AAF8AD7109EA712003AF52C /* PreferenceController.m */; };
		2AAF8ADC109EA7D0003AF52C /* Preferences.xib in Resources */ = {isa = PBXBuildFile; fileRef = 2AAF8ADB109EA7D0003AF52C /* Preferences.xib */; };
		2AAF8AF0109EAAC7003AF52C /* TestPreferenceController.m in Sources */ = {isa = PBXBuildFile; fileRef = 2AAF8AEF109EAAC7003AF52C /* TestPreferenceController.m */; };
		2ABD396D109EB1D70083E518 /* PreferenceController_Private.m in Sources */ = {isa = PBXBuildFile; fileRef = 2ABD396C109EB1D70083E518 /* PreferenceController_Private.m */; };
		2AC075EE108D3D3500E736AA /* Meeting.m in Sources */ = {isa = PBXBuildFile; fileRef = 2AC075ED108D3D3500E736AA /* Meeting.m */; };
		2ADCE3C6109E3604006803EC /* MyDocument_Private.m in Sources */ = {isa = PBXBuildFile; fileRef = 2A52EB9E109692350035A24D /* MyDocument_Private.m */; };
		2AFC3E4B108C3FA90005EFAB /* Person.m in Sources */ = {isa = PBXBuildFile; fileRef = 2AFC3E4A108C3FA90005EFAB /* Person.m */; };
		8D15AC2C0486D014006FF6A4 /* Credits.rtf in Resources */ = {isa = PBXBuildFile; fileRef = 2A37F4B9FDCFA73011CA2CEA /* Credits.rtf */; };
		8D15AC2F0486D014006FF6A4 /* InfoPlist.strings in Resources */ = {isa = PBXBuildFile; fileRef = 089C165FFE840EACC02AAC07 /* InfoPlist.strings */; };
		8D15AC310486D014006FF6A4 /* MyDocument.m in Sources */ = {isa = PBXBuildFile; fileRef = 2A37F4ACFDCFA73011CA2CEA /* MyDocument.m */; settings = {ATTRIBUTES = (); }; };
		8D15AC320486D014006FF6A4 /* main.m in Sources */ = {isa = PBXBuildFile; fileRef = 2A37F4B0FDCFA73011CA2CEA /* main.m */; settings = {ATTRIBUTES = (); }; };
		8D15AC340486D014006FF6A4 /* Cocoa.framework in Frameworks */ = {isa = PBXBuildFile; fileRef = 1058C7A7FEA54F5311CA2CBB /* Cocoa.framework */; };
/* End PBXBuildFile section */

/* Begin PBXContainerItemProxy section */
		2A2EED7D1097B3F000B87E90 /* PBXContainerItemProxy */ = {
			isa = PBXContainerItemProxy;
			containerPortal = 2A37F4A9FDCFA73011CA2CEA /* Project object */;
			proxyType = 1;
			remoteGlobalIDString = 8D15AC270486D014006FF6A4;
			remoteInfo = MeetingTime2;
		};
/* End PBXContainerItemProxy section */

/* Begin PBXFileReference section */
		089C1660FE840EACC02AAC07 /* English */ = {isa = PBXFileReference; fileEncoding = 4; lastKnownFileType = text.plist.strings; name = English; path = English.lproj/InfoPlist.strings; sourceTree = "<group>"; };
		1058C7A7FEA54F5311CA2CBB /* Cocoa.framework */ = {isa = PBXFileReference; lastKnownFileType = wrapper.framework; name = Cocoa.framework; path = /System/Library/Frameworks/Cocoa.framework; sourceTree = "<absolute>"; };
		13E42FBA07B3F13500E4EEF1 /* CoreData.framework */ = {isa = PBXFileReference; lastKnownFileType = wrapper.framework; name = CoreData.framework; path = /System/Library/Frameworks/CoreData.framework; sourceTree = "<absolute>"; };
		1DDD58290DA1D0D100B32029 /* English */ = {isa = PBXFileReference; lastKnownFileType = file.xib; name = English; path = English.lproj/MyDocument.xib; sourceTree = "<group>"; };
		1DDD582B0DA1D0D100B32029 /* English */ = {isa = PBXFileReference; lastKnownFileType = file.xib; name = English; path = English.lproj/MainMenu.xib; sourceTree = "<group>"; };
		2564AD2C0F5327BB00F57823 /* MeetingTime2_Prefix.pch */ = {isa = PBXFileReference; fileEncoding = 4; lastKnownFileType = sourcecode.c.h; path = MeetingTime2_Prefix.pch; sourceTree = "<group>"; };
		2A2EECFE1097B15600B87E90 /* Unit Tests-Info.plist */ = {isa = PBXFileReference; lastKnownFileType = text.plist.xml; path = "Unit Tests-Info.plist"; sourceTree = "<group>"; };
		2A2EED031097B15600B87E90 /* SenTestingKit.framework */ = {isa = PBXFileReference; lastKnownFileType = wrapper.framework; name = SenTestingKit.framework; path = /Developer/Library/Frameworks/SenTestingKit.framework; sourceTree = "<absolute>"; };
		2A2EED101097B17200B87E90 /* SenTestingKit.framework */ = {isa = PBXFileReference; lastKnownFileType = wrapper.framework; name = SenTestingKit.framework; path = /Developer/Library/Frameworks/SenTestingKit.framework; sourceTree = "<absolute>"; };
		2A2EED2A1097B19800B87E90 /* SenTestingKit.framework */ = {isa = PBXFileReference; lastKnownFileType = wrapper.framework; name = SenTestingKit.framework; path = /Developer/Library/Frameworks/SenTestingKit.framework; sourceTree = "<absolute>"; };
		2A2EED3C1097B26700B87E90 /* SenTestingKit.framework */ = {isa = PBXFileReference; lastKnownFileType = wrapper.framework; name = SenTestingKit.framework; path = /Developer/Library/Frameworks/SenTestingKit.framework; sourceTree = "<absolute>"; };
		2A2EED4B1097B27B00B87E90 /* SenTestingKit.framework */ = {isa = PBXFileReference; lastKnownFileType = wrapper.framework; name = SenTestingKit.framework; path = /Developer/Library/Frameworks/SenTestingKit.framework; sourceTree = "<absolute>"; };
		2A2EED741097B3EC00B87E90 /* Unit Tests.octest */ = {isa = PBXFileReference; explicitFileType = wrapper.cfbundle; includeInIndex = 0; path = "Unit Tests.octest"; sourceTree = BUILT_PRODUCTS_DIR; };
		2A2EED791097B3EC00B87E90 /* SenTestingKit.framework */ = {isa = PBXFileReference; lastKnownFileType = wrapper.framework; name = SenTestingKit.framework; path = /Developer/Library/Frameworks/SenTestingKit.framework; sourceTree = "<absolute>"; };
		2A374B05109FC7B500E4C47B /* TestAppController.h */ = {isa = PBXFileReference; fileEncoding = 4; lastKnownFileType = sourcecode.c.h; path = TestAppController.h; sourceTree = "<group>"; };
		2A374B06109FC7B500E4C47B /* TestAppController.m */ = {isa = PBXFileReference; fileEncoding = 4; lastKnownFileType = sourcecode.c.objc; path = TestAppController.m; sourceTree = "<group>"; };
		2A37F4ACFDCFA73011CA2CEA /* MyDocument.m */ = {isa = PBXFileReference; fileEncoding = 4; lastKnownFileType = sourcecode.c.objc; path = MyDocument.m; sourceTree = "<group>"; };
		2A37F4AEFDCFA73011CA2CEA /* MyDocument.h */ = {isa = PBXFileReference; fileEncoding = 4; lastKnownFileType = sourcecode.c.h; path = MyDocument.h; sourceTree = "<group>"; };
		2A37F4B0FDCFA73011CA2CEA /* main.m */ = {isa = PBXFileReference; fileEncoding = 4; lastKnownFileType = sourcecode.c.objc; path = main.m; sourceTree = "<group>"; };
		2A37F4BAFDCFA73011CA2CEA /* English */ = {isa = PBXFileReference; lastKnownFileType = text.rtf; name = English; path = English.lproj/Credits.rtf; sourceTree = "<group>"; };
		2A37F4C4FDCFA73011CA2CEA /* AppKit.framework */ = {isa = PBXFileReference; lastKnownFileType = wrapper.framework; name = AppKit.framework; path = /System/Library/Frameworks/AppKit.framework; sourceTree = "<absolute>"; };
		2A37F4C5FDCFA73011CA2CEA /* Foundation.framework */ = {isa = PBXFileReference; lastKnownFileType = wrapper.framework; name = Foundation.framework; path = /System/Library/Frameworks/Foundation.framework; sourceTree = "<absolute>"; };
		2A52EB671096896D0035A24D /* TestMyDocument.h */ = {isa = PBXFileReference; fileEncoding = 4; lastKnownFileType = sourcecode.c.h; path = TestMyDocument.h; sourceTree = "<group>"; };
		2A52EB681096896D0035A24D /* TestMyDocument.m */ = {isa = PBXFileReference; fileEncoding = 4; lastKnownFileType = sourcecode.c.objc; path = TestMyDocument.m; sourceTree = "<group>"; };
		2A52EB9B109691500035A24D /* MyDocument_Private.h */ = {isa = PBXFileReference; fileEncoding = 4; lastKnownFileType = sourcecode.c.h; path = MyDocument_Private.h; sourceTree = "<group>"; };
		2A52EB9E109692350035A24D /* MyDocument_Private.m */ = {isa = PBXFileReference; fileEncoding = 4; lastKnownFileType = sourcecode.c.objc; path = MyDocument_Private.m; sourceTree = "<group>"; };
		2AAF8AD0109EA5EA003AF52C /* AppController.h */ = {isa = PBXFileReference; fileEncoding = 4; lastKnownFileType = sourcecode.c.h; path = AppController.h; sourceTree = "<group>"; };
		2AAF8AD1109EA5EA003AF52C /* AppController.m */ = {isa = PBXFileReference; fileEncoding = 4; lastKnownFileType = sourcecode.c.objc; path = AppController.m; sourceTree = "<group>"; };
		2AAF8AD6109EA712003AF52C /* PreferenceController.h */ = {isa = PBXFileReference; fileEncoding = 4; lastKnownFileType = sourcecode.c.h; path = PreferenceController.h; sourceTree = "<group>"; };
		2AAF8AD7109EA712003AF52C /* PreferenceController.m */ = {isa = PBXFileReference; fileEncoding = 4; lastKnownFileType = sourcecode.c.objc; path = PreferenceController.m; sourceTree = "<group>"; };
		2AAF8ADB109EA7D0003AF52C /* Preferences.xib */ = {isa = PBXFileReference; lastKnownFileType = file.xib; path = Preferences.xib; sourceTree = "<group>"; };
		2AAF8AEE109EAAC7003AF52C /* TestPreferenceController.h */ = {isa = PBXFileReference; fileEncoding = 4; lastKnownFileType = sourcecode.c.h; path = TestPreferenceController.h; sourceTree = "<group>"; };
		2AAF8AEF109EAAC7003AF52C /* TestPreferenceController.m */ = {isa = PBXFileReference; fileEncoding = 4; lastKnownFileType = sourcecode.c.objc; path = TestPreferenceController.m; sourceTree = "<group>"; };
		2ABD396B109EB1D70083E518 /* PreferenceController_Private.h */ = {isa = PBXFileReference; fileEncoding = 4; lastKnownFileType = sourcecode.c.h; path = PreferenceController_Private.h; sourceTree = "<group>"; };
		2ABD396C109EB1D70083E518 /* PreferenceController_Private.m */ = {isa = PBXFileReference; fileEncoding = 4; lastKnownFileType = sourcecode.c.objc; path = PreferenceController_Private.m; sourceTree = "<group>"; };
		2AC075EC108D3D3500E736AA /* Meeting.h */ = {isa = PBXFileReference; fileEncoding = 4; lastKnownFileType = sourcecode.c.h; path = Meeting.h; sourceTree = "<group>"; };
		2AC075ED108D3D3500E736AA /* Meeting.m */ = {isa = PBXFileReference; fileEncoding = 4; lastKnownFileType = sourcecode.c.objc; path = Meeting.m; sourceTree = "<group>"; };
		2AC075FA108D3D7200E736AA /* TestMeeting.h */ = {isa = PBXFileReference; fileEncoding = 4; lastKnownFileType = sourcecode.c.h; path = TestMeeting.h; sourceTree = "<group>"; };
		2AC075FB108D3D7200E736AA /* TestMeeting.m */ = {isa = PBXFileReference; fileEncoding = 4; lastKnownFileType = sourcecode.c.objc; path = TestMeeting.m; sourceTree = "<group>"; };
		2AFC3E49108C3FA90005EFAB /* Person.h */ = {isa = PBXFileReference; fileEncoding = 4; lastKnownFileType = sourcecode.c.h; path = Person.h; sourceTree = "<group>"; };
		2AFC3E4A108C3FA90005EFAB /* Person.m */ = {isa = PBXFileReference; fileEncoding = 4; lastKnownFileType = sourcecode.c.objc; path = Person.m; sourceTree = "<group>"; };
		2AFC3E5D108C400C0005EFAB /* TestPerson.h */ = {isa = PBXFileReference; fileEncoding = 4; lastKnownFileType = sourcecode.c.h; path = TestPerson.h; sourceTree = "<group>"; };
		2AFC3E5E108C400C0005EFAB /* TestPerson.m */ = {isa = PBXFileReference; fileEncoding = 4; lastKnownFileType = sourcecode.c.objc; path = TestPerson.m; sourceTree = "<group>"; };
		8D15AC360486D014006FF6A4 /* MeetingTime2-Info.plist */ = {isa = PBXFileReference; fileEncoding = 4; lastKnownFileType = text.plist.xml; path = "MeetingTime2-Info.plist"; sourceTree = "<group>"; };
		8D15AC370486D014006FF6A4 /* MeetingTime2.app */ = {isa = PBXFileReference; explicitFileType = wrapper.application; includeInIndex = 0; path = MeetingTime2.app; sourceTree = BUILT_PRODUCTS_DIR; };
/* End PBXFileReference section */

/* Begin PBXFrameworksBuildPhase section */
		2A2EED711097B3EC00B87E90 /* Frameworks */ = {
			isa = PBXFrameworksBuildPhase;
			buildActionMask = 2147483647;
			files = (
				2A2EED7A1097B3EC00B87E90 /* SenTestingKit.framework in Frameworks */,
			);
			runOnlyForDeploymentPostprocessing = 0;
		};
		8D15AC330486D014006FF6A4 /* Frameworks */ = {
			isa = PBXFrameworksBuildPhase;
			buildActionMask = 2147483647;
			files = (
				8D15AC340486D014006FF6A4 /* Cocoa.framework in Frameworks */,
			);
			runOnlyForDeploymentPostprocessing = 0;
		};
/* End PBXFrameworksBuildPhase section */

/* Begin PBXGroup section */
		1058C7A6FEA54F5311CA2CBB /* Linked Frameworks */ = {
			isa = PBXGroup;
			children = (
				1058C7A7FEA54F5311CA2CBB /* Cocoa.framework */,
				2A2EED031097B15600B87E90 /* SenTestingKit.framework */,
				2A2EED101097B17200B87E90 /* SenTestingKit.framework */,
				2A2EED2A1097B19800B87E90 /* SenTestingKit.framework */,
				2A2EED3C1097B26700B87E90 /* SenTestingKit.framework */,
				2A2EED4B1097B27B00B87E90 /* SenTestingKit.framework */,
				2A2EED791097B3EC00B87E90 /* SenTestingKit.framework */,
			);
			name = "Linked Frameworks";
			sourceTree = "<group>";
		};
		1058C7A8FEA54F5311CA2CBB /* Other Frameworks */ = {
			isa = PBXGroup;
			children = (
				2A37F4C4FDCFA73011CA2CEA /* AppKit.framework */,
				13E42FBA07B3F13500E4EEF1 /* CoreData.framework */,
				2A37F4C5FDCFA73011CA2CEA /* Foundation.framework */,
			);
			name = "Other Frameworks";
			sourceTree = "<group>";
		};
		19C28FB0FE9D524F11CA2CBB /* Products */ = {
			isa = PBXGroup;
			children = (
				8D15AC370486D014006FF6A4 /* MeetingTime2.app */,
				2A2EED741097B3EC00B87E90 /* Unit Tests.octest */,
			);
			name = Products;
			sourceTree = "<group>";
		};
		2A37F4AAFDCFA73011CA2CEA /* MeetingTime2 */ = {
			isa = PBXGroup;
			children = (
				2A37F4ABFDCFA73011CA2CEA /* Classes */,
				2A37F4AFFDCFA73011CA2CEA /* Other Sources */,
				2AC075F9108D3D4F00E736AA /* Tests */,
				2A37F4B8FDCFA73011CA2CEA /* Resources */,
				2A37F4C3FDCFA73011CA2CEA /* Frameworks */,
				19C28FB0FE9D524F11CA2CBB /* Products */,
				2A2EECFE1097B15600B87E90 /* Unit Tests-Info.plist */,
			);
			name = MeetingTime2;
			sourceTree = "<group>";
		};
		2A37F4ABFDCFA73011CA2CEA /* Classes */ = {
			isa = PBXGroup;
			children = (
				2AAF8AD0109EA5EA003AF52C /* AppController.h */,
				2AAF8AD1109EA5EA003AF52C /* AppController.m */,
				2A37F4AEFDCFA73011CA2CEA /* MyDocument.h */,
				2A37F4ACFDCFA73011CA2CEA /* MyDocument.m */,
				2AFC3E49108C3FA90005EFAB /* Person.h */,
				2AFC3E4A108C3FA90005EFAB /* Person.m */,
				2AC075EC108D3D3500E736AA /* Meeting.h */,
				2AC075ED108D3D3500E736AA /* Meeting.m */,
				2ABD396B109EB1D70083E518 /* PreferenceController_Private.h */,
				2ABD396C109EB1D70083E518 /* PreferenceController_Private.m */,
			);
			name = Classes;
			sourceTree = "<group>";
		};
		2A37F4AFFDCFA73011CA2CEA /* Other Sources */ = {
			isa = PBXGroup;
			children = (
				2564AD2C0F5327BB00F57823 /* MeetingTime2_Prefix.pch */,
				2A37F4B0FDCFA73011CA2CEA /* main.m */,
			);
			name = "Other Sources";
			sourceTree = "<group>";
		};
		2A37F4B8FDCFA73011CA2CEA /* Resources */ = {
			isa = PBXGroup;
			children = (
				2A37F4B9FDCFA73011CA2CEA /* Credits.rtf */,
				8D15AC360486D014006FF6A4 /* MeetingTime2-Info.plist */,
				089C165FFE840EACC02AAC07 /* InfoPlist.strings */,
				1DDD58280DA1D0D100B32029 /* MyDocument.xib */,
				1DDD582A0DA1D0D100B32029 /* MainMenu.xib */,
				2AAF8ADB109EA7D0003AF52C /* Preferences.xib */,
				2AAF8AD6109EA712003AF52C /* PreferenceController.h */,
				2AAF8AD7109EA712003AF52C /* PreferenceController.m */,
			);
			name = Resources;
			sourceTree = "<group>";
		};
		2A37F4C3FDCFA73011CA2CEA /* Frameworks */ = {
			isa = PBXGroup;
			children = (
				1058C7A6FEA54F5311CA2CBB /* Linked Frameworks */,
				1058C7A8FEA54F5311CA2CBB /* Other Frameworks */,
			);
			name = Frameworks;
			sourceTree = "<group>";
		};
		2AC075F9108D3D4F00E736AA /* Tests */ = {
			isa = PBXGroup;
			children = (
				2A374B05109FC7B500E4C47B /* TestAppController.h */,
				2A374B06109FC7B500E4C47B /* TestAppController.m */,
				2AAF8AEE109EAAC7003AF52C /* TestPreferenceController.h */,
				2AAF8AEF109EAAC7003AF52C /* TestPreferenceController.m */,
				2A52EB9B109691500035A24D /* MyDocument_Private.h */,
				2A52EB9E109692350035A24D /* MyDocument_Private.m */,
				2AFC3E5D108C400C0005EFAB /* TestPerson.h */,
				2A52EB671096896D0035A24D /* TestMyDocument.h */,
				2A52EB681096896D0035A24D /* TestMyDocument.m */,
				2AFC3E5E108C400C0005EFAB /* TestPerson.m */,
				2AC075FA108D3D7200E736AA /* TestMeeting.h */,
				2AC075FB108D3D7200E736AA /* TestMeeting.m */,
			);
			name = Tests;
			sourceTree = "<group>";
		};
/* End PBXGroup section */

/* Begin PBXNativeTarget section */
		2A2EED731097B3EC00B87E90 /* Unit Tests */ = {
			isa = PBXNativeTarget;
			buildConfigurationList = 2A2EED781097B3EC00B87E90 /* Build configuration list for PBXNativeTarget "Unit Tests" */;
			buildPhases = (
				2A2EED6F1097B3EC00B87E90 /* Resources */,
				2A2EED701097B3EC00B87E90 /* Sources */,
				2A2EED711097B3EC00B87E90 /* Frameworks */,
				2A2EED721097B3EC00B87E90 /* ShellScript */,
			);
			buildRules = (
			);
			dependencies = (
				2A2EED7E1097B3F000B87E90 /* PBXTargetDependency */,
			);
			name = "Unit Tests";
			productName = "Unit Tests";
			productReference = 2A2EED741097B3EC00B87E90 /* Unit Tests.octest */;
			productType = "com.apple.product-type.bundle";
		};
		8D15AC270486D014006FF6A4 /* MeetingTime2 */ = {
			isa = PBXNativeTarget;
			buildConfigurationList = C05733C708A9546B00998B17 /* Build configuration list for PBXNativeTarget "MeetingTime2" */;
			buildPhases = (
				8D15AC2B0486D014006FF6A4 /* Resources */,
				8D15AC300486D014006FF6A4 /* Sources */,
				8D15AC330486D014006FF6A4 /* Frameworks */,
			);
			buildRules = (
			);
			dependencies = (
			);
			name = MeetingTime2;
			productInstallPath = "$(HOME)/Applications";
			productName = MeetingTime2;
			productReference = 8D15AC370486D014006FF6A4 /* MeetingTime2.app */;
			productType = "com.apple.product-type.application";
		};
/* End PBXNativeTarget section */

/* Begin PBXProject section */
		2A37F4A9FDCFA73011CA2CEA /* Project object */ = {
			isa = PBXProject;
			buildConfigurationList = C05733CB08A9546B00998B17 /* Build configuration list for PBXProject "MeetingTime2" */;
			compatibilityVersion = "Xcode 3.1";
			hasScannedForEncodings = 1;
			mainGroup = 2A37F4AAFDCFA73011CA2CEA /* MeetingTime2 */;
			projectDirPath = "";
			projectRoot = "";
			targets = (
				8D15AC270486D014006FF6A4 /* MeetingTime2 */,
				2A2EED731097B3EC00B87E90 /* Unit Tests */,
			);
		};
/* End PBXProject section */

/* Begin PBXResourcesBuildPhase section */
		2A2EED6F1097B3EC00B87E90 /* Resources */ = {
			isa = PBXResourcesBuildPhase;
			buildActionMask = 2147483647;
			files = (
				2AAF8ADC109EA7D0003AF52C /* Preferences.xib in Resources */,
			);
			runOnlyForDeploymentPostprocessing = 0;
		};
		8D15AC2B0486D014006FF6A4 /* Resources */ = {
			isa = PBXResourcesBuildPhase;
			buildActionMask = 2147483647;
			files = (
				8D15AC2C0486D014006FF6A4 /* Credits.rtf in Resources */,
				8D15AC2F0486D014006FF6A4 /* InfoPlist.strings in Resources */,
				1DDD582C0DA1D0D100B32029 /* MyDocument.xib in Resources */,
				1DDD582D0DA1D0D100B32029 /* MainMenu.xib in Resources */,
			);
			runOnlyForDeploymentPostprocessing = 0;
		};
/* End PBXResourcesBuildPhase section */

/* Begin PBXShellScriptBuildPhase section */
		2A2EED721097B3EC00B87E90 /* ShellScript */ = {
			isa = PBXShellScriptBuildPhase;
			buildActionMask = 2147483647;
			files = (
			);
			inputPaths = (
			);
			outputPaths = (
			);
			runOnlyForDeploymentPostprocessing = 0;
			shellPath = /bin/sh;
			shellScript = "# Run the unit tests in this test bundle.\n\"${SYSTEM_DEVELOPER_DIR}/Tools/RunUnitTests\"\n";
		};
/* End PBXShellScriptBuildPhase section */

/* Begin PBXSourcesBuildPhase section */
		2A2EED701097B3EC00B87E90 /* Sources */ = {
			isa = PBXSourcesBuildPhase;
			buildActionMask = 2147483647;
			files = (
				2A2EED861097B41000B87E90 /* TestMyDocument.m in Sources */,
				2ADCE3C6109E3604006803EC /* MyDocument_Private.m in Sources */,
				2A2EED871097B41000B87E90 /* TestPerson.m in Sources */,
				2A2EED891097B41000B87E90 /* TestMeeting.m in Sources */,
				2AAF8AD2109EA5EA003AF52C /* AppController.m in Sources */,
				2AAF8AD8109EA712003AF52C /* PreferenceController.m in Sources */,
				2AAF8AF0109EAAC7003AF52C /* TestPreferenceController.m in Sources */,
				2ABD396D109EB1D70083E518 /* PreferenceController_Private.m in Sources */,
				2A374B07109FC7B500E4C47B /* TestAppController.m in Sources */,
			);
			runOnlyForDeploymentPostprocessing = 0;
		};
		8D15AC300486D014006FF6A4 /* Sources */ = {
			isa = PBXSourcesBuildPhase;
			buildActionMask = 2147483647;
			files = (
				8D15AC310486D014006FF6A4 /* MyDocument.m in Sources */,
				8D15AC320486D014006FF6A4 /* main.m in Sources */,
				2AFC3E4B108C3FA90005EFAB /* Person.m in Sources */,
				2AC075EE108D3D3500E736AA /* Meeting.m in Sources */,
			);
			runOnlyForDeploymentPostprocessing = 0;
		};
/* End PBXSourcesBuildPhase section */

/* Begin PBXTargetDependency section */
		2A2EED7E1097B3F000B87E90 /* PBXTargetDependency */ = {
			isa = PBXTargetDependency;
			target = 8D15AC270486D014006FF6A4 /* MeetingTime2 */;
			targetProxy = 2A2EED7D1097B3F000B87E90 /* PBXContainerItemProxy */;
		};
/* End PBXTargetDependency section */

/* Begin PBXVariantGroup section */
		089C165FFE840EACC02AAC07 /* InfoPlist.strings */ = {
			isa = PBXVariantGroup;
			children = (
				089C1660FE840EACC02AAC07 /* English */,
			);
			name = InfoPlist.strings;
			sourceTree = "<group>";
		};
		1DDD58280DA1D0D100B32029 /* MyDocument.xib */ = {
			isa = PBXVariantGroup;
			children = (
				1DDD58290DA1D0D100B32029 /* English */,
			);
			name = MyDocument.xib;
			sourceTree = "<group>";
		};
		1DDD582A0DA1D0D100B32029 /* MainMenu.xib */ = {
			isa = PBXVariantGroup;
			children = (
				1DDD582B0DA1D0D100B32029 /* English */,
			);
			name = MainMenu.xib;
			sourceTree = "<group>";
		};
		2A37F4B9FDCFA73011CA2CEA /* Credits.rtf */ = {
			isa = PBXVariantGroup;
			children = (
				2A37F4BAFDCFA73011CA2CEA /* English */,
			);
			name = Credits.rtf;
			sourceTree = "<group>";
		};
/* End PBXVariantGroup section */

/* Begin XCBuildConfiguration section */
		2A2EED751097B3EC00B87E90 /* Debug */ = {
			isa = XCBuildConfiguration;
			buildSettings = {
				ALWAYS_SEARCH_USER_PATHS = NO;
				BUNDLE_LOADER = "$(BUILT_PRODUCTS_DIR)/MeetingTime2.app/Contents/MacOS/MeetingTime2";
				COPY_PHASE_STRIP = NO;
				FRAMEWORK_SEARCH_PATHS = "$(DEVELOPER_LIBRARY_DIR)/Frameworks";
				GCC_DYNAMIC_NO_PIC = NO;
				GCC_ENABLE_FIX_AND_CONTINUE = NO;
				GCC_ENABLE_OBJC_EXCEPTIONS = YES;
				GCC_MODEL_TUNING = G5;
				GCC_OPTIMIZATION_LEVEL = 0;
				GCC_PRECOMPILE_PREFIX_HEADER = YES;
				GCC_PREFIX_HEADER = "$(SYSTEM_LIBRARY_DIR)/Frameworks/Cocoa.framework/Headers/Cocoa.h";
				INFOPLIST_FILE = "Unit Tests-Info.plist";
				INSTALL_PATH = "$(USER_LIBRARY_DIR)/Bundles";
				OTHER_LDFLAGS = (
					"-framework",
					Cocoa,
					"-framework",
					SenTestingKit,
				);
				PREBINDING = NO;
				PRODUCT_NAME = "Unit Tests";
				TEST_HOST = "$(BUNDLE_LOADER)";
				WRAPPER_EXTENSION = octest;
			};
			name = Debug;
		};
		2A2EED761097B3EC00B87E90 /* Release */ = {
			isa = XCBuildConfiguration;
			buildSettings = {
				ALWAYS_SEARCH_USER_PATHS = NO;
				COPY_PHASE_STRIP = YES;
				DEBUG_INFORMATION_FORMAT = "dwarf-with-dsym";
				FRAMEWORK_SEARCH_PATHS = "$(DEVELOPER_LIBRARY_DIR)/Frameworks";
				GCC_ENABLE_FIX_AND_CONTINUE = NO;
				GCC_ENABLE_OBJC_EXCEPTIONS = YES;
				GCC_MODEL_TUNING = G5;
				GCC_PRECOMPILE_PREFIX_HEADER = YES;
				GCC_PREFIX_HEADER = "$(SYSTEM_LIBRARY_DIR)/Frameworks/Cocoa.framework/Headers/Cocoa.h";
				INFOPLIST_FILE = "Unit Tests-Info.plist";
				INSTALL_PATH = "$(USER_LIBRARY_DIR)/Bundles";
				OTHER_LDFLAGS = (
					"-framework",
					Cocoa,
					"-framework",
					SenTestingKit,
				);
				PREBINDING = NO;
				PRODUCT_NAME = "Unit Tests";
				WRAPPER_EXTENSION = octest;
				ZERO_LINK = NO;
			};
			name = Release;
		};
		C05733C808A9546B00998B17 /* Debug */ = {
			isa = XCBuildConfiguration;
			buildSettings = {
				ALWAYS_SEARCH_USER_PATHS = NO;
				COPY_PHASE_STRIP = NO;
				GCC_DYNAMIC_NO_PIC = NO;
				GCC_ENABLE_FIX_AND_CONTINUE = YES;
				GCC_MODEL_TUNING = G5;
				GCC_OPTIMIZATION_LEVEL = 0;
				GCC_PRECOMPILE_PREFIX_HEADER = YES;
				GCC_PREFIX_HEADER = MeetingTime2_Prefix.pch;
				GCC_VERSION = com.apple.compilers.llvm.clang.1_0;
				INFOPLIST_FILE = "MeetingTime2-Info.plist";
				INSTALL_PATH = "$(HOME)/Applications";
				PRODUCT_NAME = MeetingTime2;
			};
			name = Debug;
		};
		C05733C908A9546B00998B17 /* Release */ = {
			isa = XCBuildConfiguration;
			buildSettings = {
				ALWAYS_SEARCH_USER_PATHS = NO;
				DEBUG_INFORMATION_FORMAT = "dwarf-with-dsym";
				GCC_MODEL_TUNING = G5;
				GCC_PRECOMPILE_PREFIX_HEADER = YES;
				GCC_PREFIX_HEADER = MeetingTime2_Prefix.pch;
				INFOPLIST_FILE = "MeetingTime2-Info.plist";
				INSTALL_PATH = "$(HOME)/Applications";
				PRODUCT_NAME = MeetingTime2;
			};
			name = Release;
		};
		C05733CC08A9546B00998B17 /* Debug */ = {
			isa = XCBuildConfiguration;
			buildSettings = {
				ARCHS = "$(ARCHS_STANDARD_32_64_BIT)";
				GCC_C_LANGUAGE_STANDARD = gnu99;
				GCC_OPTIMIZATION_LEVEL = 0;
				GCC_WARN_ABOUT_RETURN_TYPE = YES;
				GCC_WARN_UNUSED_VARIABLE = YES;
				ONLY_ACTIVE_ARCH = YES;
				PREBINDING = NO;
				SDKROOT = macosx10.6;
			};
			name = Debug;
		};
		C05733CD08A9546B00998B17 /* Release */ = {
			isa = XCBuildConfiguration;
			buildSettings = {
				ARCHS = "$(ARCHS_STANDARD_32_64_BIT)";
				GCC_C_LANGUAGE_STANDARD = gnu99;
				GCC_WARN_ABOUT_RETURN_TYPE = YES;
				GCC_WARN_UNUSED_VARIABLE = YES;
				PREBINDING = NO;
				SDKROOT = macosx10.6;
			};
			name = Release;
		};
/* End XCBuildConfiguration section */

/* Begin XCConfigurationList section */
		2A2EED781097B3EC00B87E90 /* Build configuration list for PBXNativeTarget "Unit Tests" */ = {
			isa = XCConfigurationList;
			buildConfigurations = (
				2A2EED751097B3EC00B87E90 /* Debug */,
				2A2EED761097B3EC00B87E90 /* Release */,
			);
			defaultConfigurationIsVisible = 0;
			defaultConfigurationName = Release;
		};
		C05733C708A9546B00998B17 /* Build configuration list for PBXNativeTarget "MeetingTime2" */ = {
			isa = XCConfigurationList;
			buildConfigurations = (
				C05733C808A9546B00998B17 /* Debug */,
				C05733C908A9546B00998B17 /* Release */,
			);
			defaultConfigurationIsVisible = 0;
			defaultConfigurationName = Release;
		};
		C05733CB08A9546B00998B17 /* Build configuration list for PBXProject "MeetingTime2" */ = {
			isa = XCConfigurationList;
			buildConfigurations = (
				C05733CC08A9546B00998B17 /* Debug */,
				C05733CD08A9546B00998B17 /* Release */,
			);
			defaultConfigurationIsVisible = 0;
			defaultConfigurationName = Release;
		};
/* End XCConfigurationList section */
	};
	rootObject = 2A37F4A9FDCFA73011CA2CEA /* Project object */;
}
